{
    "_readme": [
        "This file locks the dependencies of your project to a known state",
        "Read more about it at https://getcomposer.org/doc/01-basic-usage.md#installing-dependencies",
        "This file is @generated automatically"
    ],
    "content-hash": "e5ad78b1dc0558e25ea24269e3608197",
    "packages": [
        {
            "name": "mercadopago/dx-php",
            "version": "3.11.3",
            "source": {
                "type": "git",
                "url": "https://github.com/mercadopago/sdk-php.git",
                "reference": "f7cc5554a23daa6c9189d172736e4c4cab1bed29"
            },
            "dist": {
                "type": "zip",
                "url": "https://api.github.com/repos/mercadopago/sdk-php/zipball/f7cc5554a23daa6c9189d172736e4c4cab1bed29",
                "reference": "f7cc5554a23daa6c9189d172736e4c4cab1bed29",
                "shasum": ""
            },
            "require": {
                "php": ">=8.5"
            },
            "require-dev": {
                "friendsofphp/php-cs-fixer": "^3.22",
                "phpunit/phpunit": "^11.0",
                "squizlabs/php_codesniffer": "3.*",
                "symfony/console": "^7.0"
            },
            "type": "library",
            "autoload": {
                "psr-4": {
                    "MercadoPago\\": "src/MercadoPago"
                }
            },
            "notification-url": "https://packagist.org/downloads/",
            "license": [
                "MIT"
            ],
            "description": "Mercado Pago PHP SDK",
            "homepage": "https://github.com/mercadopago/sdk-php",
            "support": {
                "issues": "https://github.com/mercadopago/sdk-php/issues",
                "source": "https://github.com/mercadopago/sdk-php/tree/3.11.3"
            },
            "time": "2026-06-23T15:00:54+00:00"
        },
        {
            "name": "pagseguro/pagseguro-php-sdk",
            "version": "4.2.1",
            "source": {
                "type": "git",
                "url": "https://github.com/pagseguro/pagseguro-php-sdk.git",
                "reference": "3e164aff66fa089eb79a80ce6b7413fe36aa9b95"
            },
            "dist": {
                "type": "zip",
                "url": "https://api.github.com/repos/pagseguro/pagseguro-php-sdk/zipball/3e164aff66fa089eb79a80ce6b7413fe36aa9b95",
                "reference": "3e164aff66fa089eb79a80ce6b7413fe36aa9b95",
                "shasum": ""
            },
            "require": {
                "ext-curl": "*",
                "lib-curl": "*",
                "lib-openssl": "*",
                "php": ">=5.4.27"
            },
            "require-dev": {
                "phpunit/phpunit": "^4.8"
            },
            "type": "library",
            "autoload": {
                "psr-4": {
                    "PagSeguro\\": "source/"
                }
            },
            "notification-url": "https://packagist.org/downloads/",
            "license": [
                "Apache-2.0"
            ],
            "authors": [
                {
                    "name": "PagSeguro"
                }
            ],
            "description": "Biblioteca de integração com o PagSeguro",
            "support": {
                "issues": "https://github.com/pagseguro/pagseguro-php-sdk/issues",
                "source": "https://github.com/pagseguro/pagseguro-php-sdk/tree/4.2.1"
            },
            "time": "2018-08-17T12:30:18+00:00"
        }
    ],
    "packages-dev": [],
    "aliases": [],
    "minimum-stability": "stable",
    "stability-flags": {},
    "prefer-stable": false,
    "prefer-lowest": false,
    "platform": {},
    "platform-dev": {},
    "platform-overrides": {
        "php": "8.2"
    },
    "plugin-api-version": "2.9.0"
}
